
Microsoft Visual Studio Solution File, Format Version 12.00
# Visual Studio Version 17
VisualStudioVersion = 17.8.34330.188
MinimumVisualStudioVersion = 10.0.40219.1
Project("{FAE04EC0-301F-11D3-BF4B-00C04F79EFBC}") = "HealthTracker.Server", "HealthTracker.Server\HealthTracker.Server.csproj", "{A9A76956-369C-46D6-B8FE-9BB2B35DE3C9}"
EndProject
Project("{54A90642-561A-4BB1-A94E-469ADEE60C69}") = "healthtracker.client", "healthtracker.client\healthtracker.client.esproj", "{D797FEF2-555C-49B6-AB12-EED54088F3A1}"
EndProject
Global
	GlobalSection(SolutionConfigurationPlatforms) = preSolution
		Debug|Any CPU = Debug|Any CPU
		Release|Any CPU = Release|Any CPU
	EndGlobalSection
	GlobalSection(ProjectConfigurationPlatforms) = postSolution
		{A9A76956-369C-46D6-B8FE-9BB2B35DE3C9}.Debug|Any CPU.ActiveCfg = Debug|Any CPU
		{A9A76956-369C-46D6-B8FE-9BB2B35DE3C9}.Debug|Any CPU.Build.0 = Debug|Any CPU
		{A9A76956-369C-46D6-B8FE-9BB2B35DE3C9}.Release|Any CPU.ActiveCfg = Release|Any CPU
		{A9A76956-369C-46D6-B8FE-9BB2B35DE3C9}.Release|Any CPU.Build.0 = Release|Any CPU
		{D797FEF2-555C-49B6-AB12-EED54088F3A1}.Debug|Any CPU.ActiveCfg = Debug|Any CPU
		{D797FEF2-555C-49B6-AB12-EED54088F3A1}.Debug|Any CPU.Build.0 = Debug|Any CPU
		{D797FEF2-555C-49B6-AB12-EED54088F3A1}.Debug|Any CPU.Deploy.0 = Debug|Any CPU
		{D797FEF2-555C-49B6-AB12-EED54088F3A1}.Release|Any CPU.ActiveCfg = Release|Any CPU
		{D797FEF2-555C-49B6-AB12-EED54088F3A1}.Release|Any CPU.Build.0 = Release|Any CPU
		{D797FEF2-555C-49B6-AB12-EED54088F3A1}.Release|Any CPU.Deploy.0 = Release|Any CPU
	EndGlobalSection
	GlobalSection(SolutionProperties) = preSolution
		HideSolutionNode = FALSE
	EndGlobalSection
	GlobalSection(ExtensibilityGlobals) = postSolution
		SolutionGuid = {74C7164C-3319-42EB-847B-261456C7234B}
	EndGlobalSection
EndGlobal
